[{<<"eper">>,
  {git,"https://github.com/massemanet/eper.git",
       {ref,"1742031e12fb9e6eac0ffacfc593d5a7849fc07f"}},
  0},
 {<<"goldrush">>,
  {git,"git://github.com/DeadZen/goldrush.git",
       {ref,"212299233c7e7eb63a97be2777e1c05ebaa58dbe"}},
  1},
 {<<"lager">>,
  {git,"git://github.com/basho/lager",
       {ref,"8187757388c9adc915379caaab36a2f2ca26e944"}},
  0}].
